{
  "dependencies": {
    "kue": {
      "version": "0.9.3",
      "dependencies": {
        "body-parser": {
          "version": "1.13.1",
          "dependencies": {
            "bytes": {
              "version": "2.1.0"
            },
            "content-type": {
              "version": "1.0.1"
            },
            "debug": {
              "version": "2.2.0",
              "dependencies": {
                "ms": {
                  "version": "0.7.1"
                }
              }
            },
            "depd": {
              "version": "1.0.1"
            },
            "http-errors": {
              "version": "1.3.1",
              "dependencies": {
                "inherits": {
                  "version": "2.0.1"
                },
                "statuses": {
                  "version": "1.2.1"
                }
              }
            },
            "iconv-lite": {
              "version": "0.4.10"
            },
            "on-finished": {
              "version": "2.3.0",
              "dependencies": {
                "ee-first": {
                  "version": "1.1.1"
                }
              }
            },
            "qs": {
              "version": "2.4.2"
            },
            "raw-body": {
              "version": "2.1.1",
              "dependencies": {
                "unpipe": {
                  "version": "1.0.0"
                }
              }
            },
            "type-is": {
              "version": "1.6.3",
              "dependencies": {
                "media-typer": {
                  "version": "0.3.0"
                },
                "mime-types": {
                  "version": "2.1.1",
                  "dependencies": {
                    "mime-db": {
                      "version": "1.13.0"
                    }
                  }
                }
              }
            }
          }
        },
        "express": {
          "version": "4.13.0",
          "dependencies": {
            "accepts": {
              "version": "1.2.9",
              "dependencies": {
                "mime-types": {
                  "version": "2.1.1",
                  "dependencies": {
                    "mime-db": {
                      "version": "1.13.0"
                    }
                  }
                },
                "negotiator": {
                  "version": "0.5.3"
                }
              }
            },
            "array-flatten": {
              "version": "1.1.0"
            },
            "content-disposition": {
              "version": "0.5.0"
            },
            "content-type": {
              "version": "1.0.1"
            },
            "cookie": {
              "version": "0.1.3"
            },
            "cookie-signature": {
              "version": "1.0.6"
            },
            "debug": {
              "version": "2.2.0",
              "dependencies": {
                "ms": {
                  "version": "0.7.1"
                }
              }
            },
            "depd": {
              "version": "1.0.1"
            },
            "escape-html": {
              "version": "1.0.2"
            },
            "etag": {
              "version": "1.7.0"
            },
            "finalhandler": {
              "version": "0.4.0",
              "dependencies": {
                "unpipe": {
                  "version": "1.0.0"
                }
              }
            },
            "fresh": {
              "version": "0.3.0"
            },
            "merge-descriptors": {
              "version": "1.0.0"
            },
            "methods": {
              "version": "1.1.1"
            },
            "on-finished": {
              "version": "2.3.0",
              "dependencies": {
                "ee-first": {
                  "version": "1.1.1"
                }
              }
            },
            "parseurl": {
              "version": "1.3.0"
            },
            "path-to-regexp": {
              "version": "0.1.6"
            },
            "proxy-addr": {
              "version": "1.0.8",
              "dependencies": {
                "forwarded": {
                  "version": "0.1.0"
                },
                "ipaddr.js": {
                  "version": "1.0.1"
                }
              }
            },
            "qs": {
              "version": "2.4.2"
            },
            "range-parser": {
              "version": "1.0.2"
            },
            "send": {
              "version": "0.13.0",
              "dependencies": {
                "destroy": {
                  "version": "1.0.3"
                },
                "http-errors": {
                  "version": "1.3.1",
                  "dependencies": {
                    "inherits": {
                      "version": "2.0.1"
                    }
                  }
                },
                "mime": {
                  "version": "1.3.4"
                },
                "ms": {
                  "version": "0.7.1"
                },
                "statuses": {
                  "version": "1.2.1"
                }
              }
            },
            "serve-static": {
              "version": "1.10.0"
            },
            "type-is": {
              "version": "1.6.3",
              "dependencies": {
                "media-typer": {
                  "version": "0.3.0"
                },
                "mime-types": {
                  "version": "2.1.1",
                  "dependencies": {
                    "mime-db": {
                      "version": "1.13.0"
                    }
                  }
                }
              }
            },
            "vary": {
              "version": "1.0.0"
            },
            "utils-merge": {
              "version": "1.0.0"
            }
          }
        },
        "jade": {
          "version": "1.1.5",
          "dependencies": {
            "commander": {
              "version": "2.1.0"
            },
            "mkdirp": {
              "version": "0.3.5"
            },
            "transformers": {
              "version": "2.1.0",
              "dependencies": {
                "promise": {
                  "version": "2.0.0",
                  "dependencies": {
                    "is-promise": {
                      "version": "1.0.1"
                    }
                  }
                },
                "css": {
                  "version": "1.0.8",
                  "dependencies": {
                    "css-parse": {
                      "version": "1.0.4"
                    },
                    "css-stringify": {
                      "version": "1.0.5"
                    }
                  }
                },
                "uglify-js": {
                  "version": "2.2.5",
                  "dependencies": {
                    "source-map": {
                      "version": "0.1.43",
                      "dependencies": {
                        "amdefine": {
                          "version": "0.1.1"
                        }
                      }
                    },
                    "optimist": {
                      "version": "0.3.7",
                      "dependencies": {
                        "wordwrap": {
                          "version": "0.0.3"
                        }
                      }
                    }
                  }
                }
              }
            },
            "character-parser": {
              "version": "1.2.0"
            },
            "monocle": {
              "version": "1.1.51",
              "dependencies": {
                "readdirp": {
                  "version": "0.2.5",
                  "dependencies": {
                    "minimatch": {
                      "version": "2.0.8",
                      "dependencies": {
                        "brace-expansion": {
                          "version": "1.1.0",
                          "dependencies": {
                            "balanced-match": {
                              "version": "0.2.0"
                            },
                            "concat-map": {
                              "version": "0.0.1"
                            }
                          }
                        }
                      }
                    }
                  }
                }
              }
            },
            "with": {
              "version": "2.0.0",
              "dependencies": {
                "uglify-js": {
                  "version": "2.4.0",
                  "dependencies": {
                    "async": {
                      "version": "0.2.10"
                    },
                    "source-map": {
                      "version": "0.1.43",
                      "dependencies": {
                        "amdefine": {
                          "version": "0.1.1"
                        }
                      }
                    },
                    "optimist": {
                      "version": "0.3.7",
                      "dependencies": {
                        "wordwrap": {
                          "version": "0.0.3"
                        }
                      }
                    },
                    "uglify-to-browserify": {
                      "version": "1.0.2"
                    }
                  }
                }
              }
            },
            "constantinople": {
              "version": "1.0.2",
              "dependencies": {
                "uglify-js": {
                  "version": "2.4.23",
                  "dependencies": {
                    "async": {
                      "version": "0.2.10"
                    },
                    "source-map": {
                      "version": "0.1.34",
                      "dependencies": {
                        "amdefine": {
                          "version": "0.1.1"
                        }
                      }
                    },
                    "uglify-to-browserify": {
                      "version": "1.0.2"
                    },
                    "yargs": {
                      "version": "3.5.4",
                      "dependencies": {
                        "camelcase": {
                          "version": "1.1.0"
                        },
                        "decamelize": {
                          "version": "1.0.0"
                        },
                        "window-size": {
                          "version": "0.1.0"
                        },
                        "wordwrap": {
                          "version": "0.0.2"
                        }
                      }
                    }
                  }
                }
              }
            }
          }
        },
        "lodash": {
          "version": "2.4.2"
        },
        "lodash-deep": {
          "version": "1.6.0"
        },
        "nib": {
          "version": "0.5.0"
        },
        "node-redis-warlock": {
          "version": "0.1.2",
          "dependencies": {
            "node-redis-scripty": {
              "version": "0.0.5",
              "dependencies": {
                "lru-cache": {
                  "version": "2.6.4"
                },
                "extend": {
                  "version": "1.3.0"
                }
              }
            },
            "uuid": {
              "version": "2.0.1"
            }
          }
        },
        "redis": {
          "version": "0.12.1"
        },
        "reds": {
          "version": "0.2.5",
          "dependencies": {
            "natural": {
              "version": "0.2.1",
              "dependencies": {
                "sylvester": {
                  "version": "0.0.21"
                },
                "apparatus": {
                  "version": "0.0.9"
                },
                "underscore": {
                  "version": "1.8.3"
                }
              }
            }
          }
        },
        "stylus": {
          "version": "0.42.2",
          "dependencies": {
            "css-parse": {
              "version": "1.7.0"
            },
            "mkdirp": {
              "version": "0.3.5"
            },
            "debug": {
              "version": "2.2.0",
              "dependencies": {
                "ms": {
                  "version": "0.7.1"
                }
              }
            },
            "sax": {
              "version": "0.5.8"
            },
            "glob": {
              "version": "3.2.11",
              "dependencies": {
                "inherits": {
                  "version": "2.0.1"
                },
                "minimatch": {
                  "version": "0.3.0",
                  "dependencies": {
                    "lru-cache": {
                      "version": "2.6.4"
                    },
                    "sigmund": {
                      "version": "1.0.1"
                    }
                  }
                }
              }
            }
          }
        }
      }
    },
    "nightmare": {
      "version": "1.8.0",
      "dependencies": {
        "clone": {
          "version": "0.1.19"
        },
        "debug": {
          "version": "0.7.4"
        },
        "defaults": {
          "version": "1.0.2"
        },
        "once": {
          "version": "1.3.0"
        },
        "phantom": {
          "version": "0.7.2",
          "dependencies": {
            "dnode": {
              "version": "1.2.1",
              "dependencies": {
                "dnode-protocol": {
                  "version": "0.2.2"
                },
                "jsonify": {
                  "version": "0.0.0"
                },
                "weak": {
                  "version": "0.4.1",
                  "dependencies": {
                    "bindings": {
                      "version": "1.2.1"
                    },
                    "nan": {
                      "version": "1.8.4"
                    }
                  }
                }
              }
            },
            "shoe": {
              "version": "0.0.15",
              "dependencies": {
                "sockjs": {
                  "version": "0.3.7",
                  "dependencies": {
                    "node-uuid": {
                      "version": "1.3.3"
                    },
                    "faye-websocket": {
                      "version": "0.4.4"
                    }
                  }
                },
                "sockjs-client": {
                  "version": "0.0.0-unreleasable"
                }
              }
            },
            "win-spawn": {
              "version": "2.0.0"
            },
            "traverse": {
              "version": "0.6.6"
            }
          }
        }
      }
    },
    "phantomjs": {
      "version": "1.9.15",
      "dependencies": {
        "adm-zip": {
          "version": "0.4.4"
        },
        "fs-extra": {
          "version": "0.16.5",
          "dependencies": {
            "graceful-fs": {
              "version": "3.0.8"
            },
            "jsonfile": {
              "version": "2.0.1"
            },
            "rimraf": {
              "version": "2.4.0",
              "dependencies": {
                "glob": {
                  "version": "4.5.3",
                  "dependencies": {
                    "inflight": {
                      "version": "1.0.4",
                      "dependencies": {
                        "wrappy": {
                          "version": "1.0.1"
                        }
                      }
                    },
                    "inherits": {
                      "version": "2.0.1"
                    },
                    "minimatch": {
                      "version": "2.0.8",
                      "dependencies": {
                        "brace-expansion": {
                          "version": "1.1.0",
                          "dependencies": {
                            "balanced-match": {
                              "version": "0.2.0"
                            },
                            "concat-map": {
                              "version": "0.0.1"
                            }
                          }
                        }
                      }
                    },
                    "once": {
                      "version": "1.3.2",
                      "dependencies": {
                        "wrappy": {
                          "version": "1.0.1"
                        }
                      }
                    }
                  }
                }
              }
            }
          }
        },
        "kew": {
          "version": "0.4.0"
        },
        "npmconf": {
          "version": "2.0.9",
          "dependencies": {
            "config-chain": {
              "version": "1.1.9",
              "dependencies": {
                "proto-list": {
                  "version": "1.2.4"
                }
              }
            },
            "inherits": {
              "version": "2.0.1"
            },
            "ini": {
              "version": "1.3.4"
            },
            "mkdirp": {
              "version": "0.5.1",
              "dependencies": {
                "minimist": {
                  "version": "0.0.8"
                }
              }
            },
            "nopt": {
              "version": "3.0.2",
              "dependencies": {
                "abbrev": {
                  "version": "1.0.7"
                }
              }
            },
            "once": {
              "version": "1.3.2",
              "dependencies": {
                "wrappy": {
                  "version": "1.0.1"
                }
              }
            },
            "osenv": {
              "version": "0.1.2",
              "dependencies": {
                "os-tmpdir": {
                  "version": "1.0.1"
                }
              }
            },
            "semver": {
              "version": "4.3.6"
            },
            "uid-number": {
              "version": "0.0.5"
            }
          }
        },
        "progress": {
          "version": "1.1.8"
        },
        "request": {
          "version": "2.42.0",
          "dependencies": {
            "bl": {
              "version": "0.9.4",
              "dependencies": {
                "readable-stream": {
                  "version": "1.0.33",
                  "dependencies": {
                    "core-util-is": {
                      "version": "1.0.1"
                    },
                    "isarray": {
                      "version": "0.0.1"
                    },
                    "string_decoder": {
                      "version": "0.10.31"
                    },
                    "inherits": {
                      "version": "2.0.1"
                    }
                  }
                }
              }
            },
            "caseless": {
              "version": "0.6.0"
            },
            "forever-agent": {
              "version": "0.5.2"
            },
            "qs": {
              "version": "1.2.2"
            },
            "json-stringify-safe": {
              "version": "5.0.1"
            },
            "mime-types": {
              "version": "1.0.2"
            },
            "node-uuid": {
              "version": "1.4.3"
            },
            "tunnel-agent": {
              "version": "0.4.0"
            },
            "tough-cookie": {
              "version": "2.0.0"
            },
            "form-data": {
              "version": "0.1.4",
              "dependencies": {
                "combined-stream": {
                  "version": "0.0.7",
                  "dependencies": {
                    "delayed-stream": {
                      "version": "0.0.5"
                    }
                  }
                },
                "mime": {
                  "version": "1.2.11"
                },
                "async": {
                  "version": "0.9.2"
                }
              }
            },
            "http-signature": {
              "version": "0.10.1",
              "dependencies": {
                "assert-plus": {
                  "version": "0.1.5"
                },
                "asn1": {
                  "version": "0.1.11"
                },
                "ctype": {
                  "version": "0.5.3"
                }
              }
            },
            "oauth-sign": {
              "version": "0.4.0"
            },
            "hawk": {
              "version": "1.1.1",
              "dependencies": {
                "hoek": {
                  "version": "0.9.1"
                },
                "boom": {
                  "version": "0.4.2"
                },
                "cryptiles": {
                  "version": "0.2.2"
                },
                "sntp": {
                  "version": "0.2.4"
                }
              }
            },
            "aws-sign2": {
              "version": "0.5.0"
            },
            "stringstream": {
              "version": "0.0.4"
            }
          }
        },
        "request-progress": {
          "version": "0.3.1",
          "dependencies": {
            "throttleit": {
              "version": "0.0.2"
            }
          }
        },
        "which": {
          "version": "1.0.9"
        }
      }
    }
  }
}
